
Microsoft Visual Studio Solution File, Format Version 12.00
# Visual Studio 15
VisualStudioVersion = 15.0.26730.3
MinimumVisualStudioVersion = 10.0.40219.1
Project("{FAE04EC0-301F-11D3-BF4B-00C04F79EFBC}") = "CheckinPolicy", "SourceAnalysisPolicy\CheckinPolicy.csproj", "{D88F2162-80F6-481F-B60F-D837180E95B2}"
EndProject
Project("{FAE04EC0-301F-11D3-BF4B-00C04F79EFBC}") = "Vsix2017", "Installer\2017\Vsix2017.csproj", "{8B84A4EE-6C0F-4A80-B261-AA84AA20045C}"
EndProject
Global
	GlobalSection(SolutionConfigurationPlatforms) = preSolution
		Debug|Any CPU = Debug|Any CPU
		Release|Any CPU = Release|Any CPU
	EndGlobalSection
	GlobalSection(ProjectConfigurationPlatforms) = postSolution
		{D88F2162-80F6-481F-B60F-D837180E95B2}.Debug|Any CPU.ActiveCfg = Debug|Any CPU
		{D88F2162-80F6-481F-B60F-D837180E95B2}.Debug|Any CPU.Build.0 = Debug|Any CPU
		{D88F2162-80F6-481F-B60F-D837180E95B2}.Release|Any CPU.ActiveCfg = Release|Any CPU
		{D88F2162-80F6-481F-B60F-D837180E95B2}.Release|Any CPU.Build.0 = Release|Any CPU
		{8B84A4EE-6C0F-4A80-B261-AA84AA20045C}.Debug|Any CPU.ActiveCfg = Debug|Any CPU
		{8B84A4EE-6C0F-4A80-B261-AA84AA20045C}.Debug|Any CPU.Build.0 = Debug|Any CPU
		{8B84A4EE-6C0F-4A80-B261-AA84AA20045C}.Release|Any CPU.ActiveCfg = Release|Any CPU
		{8B84A4EE-6C0F-4A80-B261-AA84AA20045C}.Release|Any CPU.Build.0 = Release|Any CPU
	EndGlobalSection
	GlobalSection(SolutionProperties) = preSolution
		HideSolutionNode = FALSE
	EndGlobalSection
	GlobalSection(ExtensibilityGlobals) = postSolution
		SolutionGuid = {B2FBC24B-5D16-425E-9B62-E2D8972A039A}
	EndGlobalSection
	GlobalSection(TestCaseManagementSettings) = postSolution
		CategoryFile = SourceAnalysisPolicy.vsmdi
	EndGlobalSection
EndGlobal
